
Microsoft Visual Studio Solution File, Format Version 12.00
# Visual Studio Version 16
VisualStudioVersion = 16.0.31613.86
MinimumVisualStudioVersion = 10.0.40219.1
Project("{FAE04EC0-301F-11D3-BF4B-00C04F79EFBC}") = "CapstoneTesting", "CapstoneTesting\CapstoneTesting.csproj", "{8835A65F-0C64-49CC-A818-9E384DCA1497}"
EndProject
Global
	GlobalSection(SolutionConfigurationPlatforms) = preSolution
		Debug|Any CPU = Debug|Any CPU
		Release|Any CPU = Release|Any CPU
	EndGlobalSection
	GlobalSection(ProjectConfigurationPlatforms) = postSolution
		{8835A65F-0C64-49CC-A818-9E384DCA1497}.Debug|Any CPU.ActiveCfg = Debug|Any CPU
		{8835A65F-0C64-49CC-A818-9E384DCA1497}.Debug|Any CPU.Build.0 = Debug|Any CPU
		{8835A65F-0C64-49CC-A818-9E384DCA1497}.Release|Any CPU.ActiveCfg = Release|Any CPU
		{8835A65F-0C64-49CC-A818-9E384DCA1497}.Release|Any CPU.Build.0 = Release|Any CPU
	EndGlobalSection
	GlobalSection(SolutionProperties) = preSolution
		HideSolutionNode = FALSE
	EndGlobalSection
	GlobalSection(ExtensibilityGlobals) = postSolution
		SolutionGuid = {EC4560D0-9DF4-4615-BB1C-B9A2A49AE2F1}
	EndGlobalSection
EndGlobal
